
Microsoft Visual Studio Solution File, Format Version 12.00
# Visual Studio 15
VisualStudioVersion = 15.0.26430.14
MinimumVisualStudioVersion = 10.0.40219.1
Project("{9A19103F-16F7-4668-BE54-9A1E7A4F7556}") = "AP.Core", "AP.Core\AP.Core.csproj", "{63C9B4BD-3B92-4438-AC9C-2BEA7788300A}"
EndProject
Project("{9A19103F-16F7-4668-BE54-9A1E7A4F7556}") = "AP.ViewModel", "AP.ViewModel\AP.ViewModel.csproj", "{98AFAFBD-16BF-496A-BFA8-3A26FC2E1DF4}"
EndProject
Project("{9A19103F-16F7-4668-BE54-9A1E7A4F7556}") = "AP.Shared", "AP.Shared\AP.Shared.csproj", "{41ACA2AB-BD4D-4799-A3DC-73696E6B2CDA}"
EndProject
Project("{9A19103F-16F7-4668-BE54-9A1E7A4F7556}") = "AP.Repository", "AP.Repository\AP.Repository.csproj", "{12016A91-6F22-46F9-8F41-B78B649E30DA}"
EndProject
Project("{9A19103F-16F7-4668-BE54-9A1E7A4F7556}") = "AP.EntityModel", "AP.EntityModesl\AP.EntityModel.csproj", "{28E961C7-695F-42B0-A733-624F7FDDF721}"
EndProject
Project("{9A19103F-16F7-4668-BE54-9A1E7A4F7556}") = "AP.Server", "AP.Server\AP.Server.csproj", "{1FA12C5E-1C5C-4D30-BB0F-6A78BF10AECF}"
EndProject
Project("{9A19103F-16F7-4668-BE54-9A1E7A4F7556}") = "AP.Business.AutoPortal", "AP.Business.AutoPortal\AP.Business.AutoPortal.csproj", "{0407C350-6026-4434-AB16-55EF04DA8C18}"
EndProject
Project("{9A19103F-16F7-4668-BE54-9A1E7A4F7556}") = "AP.Business.Model", "AP.Business.Model\AP.Business.Model.csproj", "{78710C05-19F9-48EB-A88D-8A30CA7B4970}"
EndProject
Project("{9A19103F-16F7-4668-BE54-9A1E7A4F7556}") = "AP.Core.Model", "AP.Core.Model\AP.Core.Model.csproj", "{D95CCC7F-DC36-4F6E-BA36-477DF65EFABA}"
EndProject
Project("{9A19103F-16F7-4668-BE54-9A1E7A4F7556}") = "AP.Business.Domain.Common", "AP.Business.Domain.Common\AP.Business.Domain.Common.csproj", "{22B1F91D-083E-406F-BD85-878CB49CE564}"
EndProject
Project("{9A19103F-16F7-4668-BE54-9A1E7A4F7556}") = "AP.UnitTest", "UnitTest\AP.UnitTest.csproj", "{4BCCE1C9-8B7E-4E1F-9EDC-BBBD062211F9}"
EndProject
Project("{9A19103F-16F7-4668-BE54-9A1E7A4F7556}") = "AP.Business.Registrations", "AP.Business.Registrations\AP.Business.Registrations.csproj", "{1497E026-E229-4FF9-B1D9-9F7634325942}"
EndProject
Project("{9A19103F-16F7-4668-BE54-9A1E7A4F7556}") = "AP.Infrastructure", "AP.Infrastructure\AP.Infrastructure.csproj", "{AD23D163-4E7B-400D-A508-DEE10FA54C4A}"
EndProject
Project("{9A19103F-16F7-4668-BE54-9A1E7A4F7556}") = "AP.Infrastructure.Sql", "AP.Infrastructure.Sql\AP.Infrastructure.Sql.csproj", "{85EFDE4D-33A4-4FB1-B56E-809524AB8C30}"
EndProject
Project("{9A19103F-16F7-4668-BE54-9A1E7A4F7556}") = "AP.Business.Workshop.Contracts", "AP.Business.Workshop.Contracts\AP.Business.Workshop.Contracts.csproj", "{9DBDBDA4-84F5-4D93-8559-7273A9D45B0C}"
EndProject
Project("{9A19103F-16F7-4668-BE54-9A1E7A4F7556}") = "AP.Business.Attendee", "AP.Business.Customer\AP.Business.Attendee.csproj", "{50DDE315-3CC3-40F2-B3F0-C0C47E65313C}"
EndProject
Project("{9A19103F-16F7-4668-BE54-9A1E7A4F7556}") = "AP.Infrastructure.Azure", "AP.Infrastructure.Azure\AP.Infrastructure.Azure.csproj", "{A12DF61F-C3AC-44D3-86A5-0A372C39B6D2}"
EndProject
Global
	GlobalSection(SolutionConfigurationPlatforms) = preSolution
		Debug|Any CPU = Debug|Any CPU
		DebugLocal|Any CPU = DebugLocal|Any CPU
		Release|Any CPU = Release|Any CPU
	EndGlobalSection
	GlobalSection(ProjectConfigurationPlatforms) = postSolution
		{63C9B4BD-3B92-4438-AC9C-2BEA7788300A}.Debug|Any CPU.ActiveCfg = Debug|Any CPU
		{63C9B4BD-3B92-4438-AC9C-2BEA7788300A}.Debug|Any CPU.Build.0 = Debug|Any CPU
		{63C9B4BD-3B92-4438-AC9C-2BEA7788300A}.DebugLocal|Any CPU.ActiveCfg = DebugLocal|Any CPU
		{63C9B4BD-3B92-4438-AC9C-2BEA7788300A}.DebugLocal|Any CPU.Build.0 = DebugLocal|Any CPU
		{63C9B4BD-3B92-4438-AC9C-2BEA7788300A}.Release|Any CPU.ActiveCfg = Release|Any CPU
		{63C9B4BD-3B92-4438-AC9C-2BEA7788300A}.Release|Any CPU.Build.0 = Release|Any CPU
		{98AFAFBD-16BF-496A-BFA8-3A26FC2E1DF4}.Debug|Any CPU.ActiveCfg = Debug|Any CPU
		{98AFAFBD-16BF-496A-BFA8-3A26FC2E1DF4}.Debug|Any CPU.Build.0 = Debug|Any CPU
		{98AFAFBD-16BF-496A-BFA8-3A26FC2E1DF4}.DebugLocal|Any CPU.ActiveCfg = DebugLocal|Any CPU
		{98AFAFBD-16BF-496A-BFA8-3A26FC2E1DF4}.DebugLocal|Any CPU.Build.0 = DebugLocal|Any CPU
		{98AFAFBD-16BF-496A-BFA8-3A26FC2E1DF4}.Release|Any CPU.ActiveCfg = Release|Any CPU
		{98AFAFBD-16BF-496A-BFA8-3A26FC2E1DF4}.Release|Any CPU.Build.0 = Release|Any CPU
		{41ACA2AB-BD4D-4799-A3DC-73696E6B2CDA}.Debug|Any CPU.ActiveCfg = Debug|Any CPU
		{41ACA2AB-BD4D-4799-A3DC-73696E6B2CDA}.Debug|Any CPU.Build.0 = Debug|Any CPU
		{41ACA2AB-BD4D-4799-A3DC-73696E6B2CDA}.DebugLocal|Any CPU.ActiveCfg = DebugLocal|Any CPU
		{41ACA2AB-BD4D-4799-A3DC-73696E6B2CDA}.DebugLocal|Any CPU.Build.0 = DebugLocal|Any CPU
		{41ACA2AB-BD4D-4799-A3DC-73696E6B2CDA}.Release|Any CPU.ActiveCfg = Release|Any CPU
		{41ACA2AB-BD4D-4799-A3DC-73696E6B2CDA}.Release|Any CPU.Build.0 = Release|Any CPU
		{12016A91-6F22-46F9-8F41-B78B649E30DA}.Debug|Any CPU.ActiveCfg = Debug|Any CPU
		{12016A91-6F22-46F9-8F41-B78B649E30DA}.Debug|Any CPU.Build.0 = Debug|Any CPU
		{12016A91-6F22-46F9-8F41-B78B649E30DA}.DebugLocal|Any CPU.ActiveCfg = DebugLocal|Any CPU
		{12016A91-6F22-46F9-8F41-B78B649E30DA}.DebugLocal|Any CPU.Build.0 = DebugLocal|Any CPU
		{12016A91-6F22-46F9-8F41-B78B649E30DA}.Release|Any CPU.ActiveCfg = Release|Any CPU
		{12016A91-6F22-46F9-8F41-B78B649E30DA}.Release|Any CPU.Build.0 = Release|Any CPU
		{28E961C7-695F-42B0-A733-624F7FDDF721}.Debug|Any CPU.ActiveCfg = Debug|Any CPU
		{28E961C7-695F-42B0-A733-624F7FDDF721}.Debug|Any CPU.Build.0 = Debug|Any CPU
		{28E961C7-695F-42B0-A733-624F7FDDF721}.DebugLocal|Any CPU.ActiveCfg = DebugLocal|Any CPU
		{28E961C7-695F-42B0-A733-624F7FDDF721}.DebugLocal|Any CPU.Build.0 = DebugLocal|Any CPU
		{28E961C7-695F-42B0-A733-624F7FDDF721}.Release|Any CPU.ActiveCfg = Release|Any CPU
		{28E961C7-695F-42B0-A733-624F7FDDF721}.Release|Any CPU.Build.0 = Release|Any CPU
		{1FA12C5E-1C5C-4D30-BB0F-6A78BF10AECF}.Debug|Any CPU.ActiveCfg = Debug|Any CPU
		{1FA12C5E-1C5C-4D30-BB0F-6A78BF10AECF}.Debug|Any CPU.Build.0 = Debug|Any CPU
		{1FA12C5E-1C5C-4D30-BB0F-6A78BF10AECF}.DebugLocal|Any CPU.ActiveCfg = DebugLocal|Any CPU
		{1FA12C5E-1C5C-4D30-BB0F-6A78BF10AECF}.DebugLocal|Any CPU.Build.0 = DebugLocal|Any CPU
		{1FA12C5E-1C5C-4D30-BB0F-6A78BF10AECF}.Release|Any CPU.ActiveCfg = Release|Any CPU
		{1FA12C5E-1C5C-4D30-BB0F-6A78BF10AECF}.Release|Any CPU.Build.0 = Release|Any CPU
		{0407C350-6026-4434-AB16-55EF04DA8C18}.Debug|Any CPU.ActiveCfg = Debug|Any CPU
		{0407C350-6026-4434-AB16-55EF04DA8C18}.Debug|Any CPU.Build.0 = Debug|Any CPU
		{0407C350-6026-4434-AB16-55EF04DA8C18}.DebugLocal|Any CPU.ActiveCfg = DebugLocal|Any CPU
		{0407C350-6026-4434-AB16-55EF04DA8C18}.DebugLocal|Any CPU.Build.0 = DebugLocal|Any CPU
		{0407C350-6026-4434-AB16-55EF04DA8C18}.Release|Any CPU.ActiveCfg = Release|Any CPU
		{0407C350-6026-4434-AB16-55EF04DA8C18}.Release|Any CPU.Build.0 = Release|Any CPU
		{78710C05-19F9-48EB-A88D-8A30CA7B4970}.Debug|Any CPU.ActiveCfg = Debug|Any CPU
		{78710C05-19F9-48EB-A88D-8A30CA7B4970}.Debug|Any CPU.Build.0 = Debug|Any CPU
		{78710C05-19F9-48EB-A88D-8A30CA7B4970}.DebugLocal|Any CPU.ActiveCfg = DebugLocal|Any CPU
		{78710C05-19F9-48EB-A88D-8A30CA7B4970}.DebugLocal|Any CPU.Build.0 = DebugLocal|Any CPU
		{78710C05-19F9-48EB-A88D-8A30CA7B4970}.Release|Any CPU.ActiveCfg = Release|Any CPU
		{78710C05-19F9-48EB-A88D-8A30CA7B4970}.Release|Any CPU.Build.0 = Release|Any CPU
		{D95CCC7F-DC36-4F6E-BA36-477DF65EFABA}.Debug|Any CPU.ActiveCfg = Debug|Any CPU
		{D95CCC7F-DC36-4F6E-BA36-477DF65EFABA}.Debug|Any CPU.Build.0 = Debug|Any CPU
		{D95CCC7F-DC36-4F6E-BA36-477DF65EFABA}.DebugLocal|Any CPU.ActiveCfg = DebugLocal|Any CPU
		{D95CCC7F-DC36-4F6E-BA36-477DF65EFABA}.DebugLocal|Any CPU.Build.0 = DebugLocal|Any CPU
		{D95CCC7F-DC36-4F6E-BA36-477DF65EFABA}.Release|Any CPU.ActiveCfg = Release|Any CPU
		{D95CCC7F-DC36-4F6E-BA36-477DF65EFABA}.Release|Any CPU.Build.0 = Release|Any CPU
		{22B1F91D-083E-406F-BD85-878CB49CE564}.Debug|Any CPU.ActiveCfg = Debug|Any CPU
		{22B1F91D-083E-406F-BD85-878CB49CE564}.Debug|Any CPU.Build.0 = Debug|Any CPU
		{22B1F91D-083E-406F-BD85-878CB49CE564}.DebugLocal|Any CPU.ActiveCfg = DebugLocal|Any CPU
		{22B1F91D-083E-406F-BD85-878CB49CE564}.DebugLocal|Any CPU.Build.0 = DebugLocal|Any CPU
		{22B1F91D-083E-406F-BD85-878CB49CE564}.Release|Any CPU.ActiveCfg = Release|Any CPU
		{22B1F91D-083E-406F-BD85-878CB49CE564}.Release|Any CPU.Build.0 = Release|Any CPU
		{4BCCE1C9-8B7E-4E1F-9EDC-BBBD062211F9}.Debug|Any CPU.ActiveCfg = Debug|Any CPU
		{4BCCE1C9-8B7E-4E1F-9EDC-BBBD062211F9}.Debug|Any CPU.Build.0 = Debug|Any CPU
		{4BCCE1C9-8B7E-4E1F-9EDC-BBBD062211F9}.DebugLocal|Any CPU.ActiveCfg = DebugLocal|Any CPU
		{4BCCE1C9-8B7E-4E1F-9EDC-BBBD062211F9}.DebugLocal|Any CPU.Build.0 = DebugLocal|Any CPU
		{4BCCE1C9-8B7E-4E1F-9EDC-BBBD062211F9}.Release|Any CPU.ActiveCfg = Release|Any CPU
		{4BCCE1C9-8B7E-4E1F-9EDC-BBBD062211F9}.Release|Any CPU.Build.0 = Release|Any CPU
		{1497E026-E229-4FF9-B1D9-9F7634325942}.Debug|Any CPU.ActiveCfg = Debug|Any CPU
		{1497E026-E229-4FF9-B1D9-9F7634325942}.Debug|Any CPU.Build.0 = Debug|Any CPU
		{1497E026-E229-4FF9-B1D9-9F7634325942}.DebugLocal|Any CPU.ActiveCfg = DebugLocal|Any CPU
		{1497E026-E229-4FF9-B1D9-9F7634325942}.DebugLocal|Any CPU.Build.0 = DebugLocal|Any CPU
		{1497E026-E229-4FF9-B1D9-9F7634325942}.Release|Any CPU.ActiveCfg = Release|Any CPU
		{1497E026-E229-4FF9-B1D9-9F7634325942}.Release|Any CPU.Build.0 = Release|Any CPU
		{AD23D163-4E7B-400D-A508-DEE10FA54C4A}.Debug|Any CPU.ActiveCfg = Debug|Any CPU
		{AD23D163-4E7B-400D-A508-DEE10FA54C4A}.Debug|Any CPU.Build.0 = Debug|Any CPU
		{AD23D163-4E7B-400D-A508-DEE10FA54C4A}.DebugLocal|Any CPU.ActiveCfg = DebugLocal|Any CPU
		{AD23D163-4E7B-400D-A508-DEE10FA54C4A}.DebugLocal|Any CPU.Build.0 = DebugLocal|Any CPU
		{AD23D163-4E7B-400D-A508-DEE10FA54C4A}.Release|Any CPU.ActiveCfg = Release|Any CPU
		{AD23D163-4E7B-400D-A508-DEE10FA54C4A}.Release|Any CPU.Build.0 = Release|Any CPU
		{85EFDE4D-33A4-4FB1-B56E-809524AB8C30}.Debug|Any CPU.ActiveCfg = Debug|Any CPU
		{85EFDE4D-33A4-4FB1-B56E-809524AB8C30}.Debug|Any CPU.Build.0 = Debug|Any CPU
		{85EFDE4D-33A4-4FB1-B56E-809524AB8C30}.DebugLocal|Any CPU.ActiveCfg = DebugLocal|Any CPU
		{85EFDE4D-33A4-4FB1-B56E-809524AB8C30}.DebugLocal|Any CPU.Build.0 = DebugLocal|Any CPU
		{85EFDE4D-33A4-4FB1-B56E-809524AB8C30}.Release|Any CPU.ActiveCfg = Release|Any CPU
		{85EFDE4D-33A4-4FB1-B56E-809524AB8C30}.Release|Any CPU.Build.0 = Release|Any CPU
		{9DBDBDA4-84F5-4D93-8559-7273A9D45B0C}.Debug|Any CPU.ActiveCfg = Debug|Any CPU
		{9DBDBDA4-84F5-4D93-8559-7273A9D45B0C}.Debug|Any CPU.Build.0 = Debug|Any CPU
		{9DBDBDA4-84F5-4D93-8559-7273A9D45B0C}.DebugLocal|Any CPU.ActiveCfg = DebugLocal|Any CPU
		{9DBDBDA4-84F5-4D93-8559-7273A9D45B0C}.DebugLocal|Any CPU.Build.0 = DebugLocal|Any CPU
		{9DBDBDA4-84F5-4D93-8559-7273A9D45B0C}.Release|Any CPU.ActiveCfg = Release|Any CPU
		{9DBDBDA4-84F5-4D93-8559-7273A9D45B0C}.Release|Any CPU.Build.0 = Release|Any CPU
		{50DDE315-3CC3-40F2-B3F0-C0C47E65313C}.Debug|Any CPU.ActiveCfg = Debug|Any CPU
		{50DDE315-3CC3-40F2-B3F0-C0C47E65313C}.Debug|Any CPU.Build.0 = Debug|Any CPU
		{50DDE315-3CC3-40F2-B3F0-C0C47E65313C}.DebugLocal|Any CPU.ActiveCfg = DebugLocal|Any CPU
		{50DDE315-3CC3-40F2-B3F0-C0C47E65313C}.DebugLocal|Any CPU.Build.0 = DebugLocal|Any CPU
		{50DDE315-3CC3-40F2-B3F0-C0C47E65313C}.Release|Any CPU.ActiveCfg = Release|Any CPU
		{50DDE315-3CC3-40F2-B3F0-C0C47E65313C}.Release|Any CPU.Build.0 = Release|Any CPU
		{A12DF61F-C3AC-44D3-86A5-0A372C39B6D2}.Debug|Any CPU.ActiveCfg = Debug|Any CPU
		{A12DF61F-C3AC-44D3-86A5-0A372C39B6D2}.Debug|Any CPU.Build.0 = Debug|Any CPU
		{A12DF61F-C3AC-44D3-86A5-0A372C39B6D2}.DebugLocal|Any CPU.ActiveCfg = DebugLocal|Any CPU
		{A12DF61F-C3AC-44D3-86A5-0A372C39B6D2}.DebugLocal|Any CPU.Build.0 = DebugLocal|Any CPU
		{A12DF61F-C3AC-44D3-86A5-0A372C39B6D2}.Release|Any CPU.ActiveCfg = Release|Any CPU
		{A12DF61F-C3AC-44D3-86A5-0A372C39B6D2}.Release|Any CPU.Build.0 = Release|Any CPU
	EndGlobalSection
	GlobalSection(SolutionProperties) = preSolution
		HideSolutionNode = FALSE
	EndGlobalSection
EndGlobal
